Microsoft Visual Studio Solution File, Format Version 12.00
# Visual Studio Version 17
VisualStudioVersion = 17.5.2.0
MinimumVisualStudioVersion = 10.0.40219.1
Project("{2150E333-8FDC-42A3-9474-1A3956D46DE8}") = "src", "src", "{827E0CD3-B72D-47B6-A68D-7590B98EB39B}"
EndProject
Project("{FAE04EC0-301F-11D3-BF4B-00C04F79EFBC}") = "ElMansourSyndicManager", "src\ElMansourSyndicManager\ElMansourSyndicManager.csproj", "{234EEA68-BA01-078E-FE68-ECC6980F638D}"
EndProject
Project("{FAE04EC0-301F-11D3-BF4B-00C04F79EFBC}") = "ElMansourSyndicManager.Core", "src\ElMansourSyndicManager.Core\ElMansourSyndicManager.Core.csproj", "{C1D2E3F4-A5B6-7C8D-9E0F-1A2B3C4D5E6F}"
EndProject
Project("{FAE04EC0-301F-11D3-BF4B-00C04F79EFBC}") = "ElMansourSyndicManager.Infrastructure", "src\ElMansourSyndicManager.Infrastructure\ElMansourSyndicManager.Infrastructure.csproj", "{F1E2D3C4-B5A6-7D8C-9B0A-1F2E3D4C5B6A}"
EndProject
Global
	GlobalSection(SolutionConfigurationPlatforms) = preSolution
		Debug|Any CPU = Debug|Any CPU
		Release|Any CPU = Release|Any CPU
	EndGlobalSection
	GlobalSection(ProjectConfigurationPlatforms) = postSolution
		{234EEA68-BA01-078E-FE68-ECC6980F638D}.Debug|Any CPU.ActiveCfg = Debug|Any CPU
		{234EEA68-BA01-078E-FE68-ECC6980F638D}.Debug|Any CPU.Build.0 = Debug|Any CPU
		{234EEA68-BA01-078E-FE68-ECC6980F638D}.Release|Any CPU.ActiveCfg = Release|Any CPU
		{234EEA68-BA01-078E-FE68-ECC6980F638D}.Release|Any CPU.Build.0 = Release|Any CPU
		{C1D2E3F4-A5B6-7C8D-9E0F-1A2B3C4D5E6F}.Debug|Any CPU.ActiveCfg = Debug|Any CPU
		{C1D2E3F4-A5B6-7C8D-9E0F-1A2B3C4D5E6F}.Debug|Any CPU.Build.0 = Debug|Any CPU
		{C1D2E3F4-A5B6-7C8D-9E0F-1A2B3C4D5E6F}.Release|Any CPU.ActiveCfg = Release|Any CPU
		{C1D2E3F4-A5B6-7C8D-9E0F-1A2B3C4D5E6F}.Release|Any CPU.Build.0 = Release|Any CPU
		{F1E2D3C4-B5A6-7D8C-9B0A-1F2E3D4C5B6A}.Debug|Any CPU.ActiveCfg = Debug|Any CPU
		{F1E2D3C4-B5A6-7D8C-9B0A-1F2E3D4C5B6A}.Debug|Any CPU.Build.0 = Debug|Any CPU
		{F1E2D3C4-B5A6-7D8C-9B0A-1F2E3D4C5B6A}.Release|Any CPU.ActiveCfg = Release|Any CPU
		{F1E2D3C4-B5A6-7D8C-9B0A-1F2E3D4C5B6A}.Release|Any CPU.Build.0 = Release|Any CPU
	EndGlobalSection
	GlobalSection(SolutionProperties) = preSolution
		HideSolutionNode = FALSE
	EndGlobalSection
	GlobalSection(NestedProjects) = preSolution
		{234EEA68-BA01-078E-FE68-ECC6980F638D} = {827E0CD3-B72D-47B6-A68D-7590B98EB39B}
		{C1D2E3F4-A5B6-7C8D-9E0F-1A2B3C4D5E6F} = {827E0CD3-B72D-47B6-A68D-7590B98EB39B}
		{F1E2D3C4-B5A6-7D8C-9B0A-1F2E3D4C5B6A} = {827E0CD3-B72D-47B6-A68D-7590B98EB39B}
	EndGlobalSection
	GlobalSection(ExtensibilityGlobals) = postSolution
		SolutionGuid = {18994E8D-5E4E-4B63-97B0-8AE5F5F95BDA}
	EndGlobalSection
EndGlobal
